
Microsoft Visual Studio Solution File, Format Version 12.00
# Visual Studio Version 16
VisualStudioVersion = 16.0.28803.202
MinimumVisualStudioVersion = 10.0.40219.1
Project("{FAE04EC0-301F-11D3-BF4B-00C04F79EFBC}") = "GrpcDemo.Server", "GrpcDemo.Server\GrpcDemo.Server.csproj", "{7333FC1A-6C86-4F87-9FBA-267B9EF05DD9}"
EndProject
Project("{FAE04EC0-301F-11D3-BF4B-00C04F79EFBC}") = "GrpcDemo.Client", "GrpcDemo.Client\GrpcDemo.Client.csproj", "{E9380637-7E4F-4944-A062-BA4824FAFE90}"
EndProject
Global
	GlobalSection(SolutionConfigurationPlatforms) = preSolution
		Debug|Any CPU = Debug|Any CPU
		Release|Any CPU = Release|Any CPU
	EndGlobalSection
	GlobalSection(ProjectConfigurationPlatforms) = postSolution
		{7333FC1A-6C86-4F87-9FBA-267B9EF05DD9}.Debug|Any CPU.ActiveCfg = Debug|Any CPU
		{7333FC1A-6C86-4F87-9FBA-267B9EF05DD9}.Debug|Any CPU.Build.0 = Debug|Any CPU
		{7333FC1A-6C86-4F87-9FBA-267B9EF05DD9}.Release|Any CPU.ActiveCfg = Release|Any CPU
		{7333FC1A-6C86-4F87-9FBA-267B9EF05DD9}.Release|Any CPU.Build.0 = Release|Any CPU
		{E9380637-7E4F-4944-A062-BA4824FAFE90}.Debug|Any CPU.ActiveCfg = Debug|Any CPU
		{E9380637-7E4F-4944-A062-BA4824FAFE90}.Debug|Any CPU.Build.0 = Debug|Any CPU
		{E9380637-7E4F-4944-A062-BA4824FAFE90}.Release|Any CPU.ActiveCfg = Release|Any CPU
		{E9380637-7E4F-4944-A062-BA4824FAFE90}.Release|Any CPU.Build.0 = Release|Any CPU
	EndGlobalSection
	GlobalSection(SolutionProperties) = preSolution
		HideSolutionNode = FALSE
	EndGlobalSection
	GlobalSection(ExtensibilityGlobals) = postSolution
		SolutionGuid = {80C18957-AE5B-478D-9877-7A5894467BC0}
	EndGlobalSection
EndGlobal
